<?xml version="1.0" encoding="utf-8"?>
<Project ToolsVersion="4.0" xmlns="http://schemas.microsoft.com/developer/msbuild/2003">
  <ItemGroup>
    <Filter Include="Source Files">
      <UniqueIdentifier>{4FC737F1-C7A5-4376-A066-2A32D752A2FF}</UniqueIdentifier>
      <Extensions>cpp;c;cc;cxx;def;odl;idl;hpj;bat;asm;asmx</Extensions>
    </Filter>
    <Filter Include="Header Files">
      <UniqueIdentifier>{93995380-89BD-4b04-88EB-625FBE52EBFB}</UniqueIdentifier>
      <Extensions>h;hh;hpp;hxx;hm;inl;inc;xsd</Extensions>
    </Filter>
    <Filter Include="Resource Files">
      <UniqueIdentifier>{67DA6AB6-F800-4c08-8B7A-83BB121AAD01}</UniqueIdentifier>
      <Extensions>rc;ico;cur;bmp;dlg;rc2;rct;bin;rgs;gif;jpg;jpeg;jpe;resx;tiff;tif;png;wav;mfcribbon-ms</Extensions>
    </Filter>
    <Filter Include="Source Files\sdlxvulkan">
      <UniqueIdentifier>{1187c0de-e40f-4068-87e6-521cb6ea7c47}</UniqueIdentifier>
    </Filter>
    <Filter Include="Header Files\sdlxvulkan">
      <UniqueIdentifier>{61d99c18-1cbc-4f8a-a996-49c5ef29a620}</UniqueIdentifier>
    </Filter>
  </ItemGroup>
  <ItemGroup>
    <ClCompile Include="main.cpp">
      <Filter>Source Files</Filter>
    </ClCompile>
    <ClCompile Include="application.cpp">
      <Filter>Source Files\sdlxvulkan</Filter>
    </ClCompile>
    <ClCompile Include="instance.cpp">
      <Filter>Source Files\sdlxvulkan</Filter>
    </ClCompile>
    <ClCompile Include="system.cpp">
      <Filter>Source Files\sdlxvulkan</Filter>
    </ClCompile>
    <ClCompile Include="window.cpp">
      <Filter>Source Files\sdlxvulkan</Filter>
    </ClCompile>
    <ClCompile Include="surface.cpp">
      <Filter>Source Files\sdlxvulkan</Filter>
    </ClCompile>
    <ClCompile Include="debug_callback.cpp">
      <Filter>Source Files\sdlxvulkan</Filter>
    </ClCompile>
    <ClCompile Include="physical_device.cpp">
      <Filter>Source Files\sdlxvulkan</Filter>
    </ClCompile>
    <ClCompile Include="global_functions.cpp">
      <Filter>Source Files\sdlxvulkan</Filter>
    </ClCompile>
    <ClCompile Include="instance_functions.cpp">
      <Filter>Source Files\sdlxvulkan</Filter>
    </ClCompile>
    <ClCompile Include="device_functions.cpp">
      <Filter>Source Files\sdlxvulkan</Filter>
    </ClCompile>
    <ClCompile Include="device.cpp">
      <Filter>Source Files\sdlxvulkan</Filter>
    </ClCompile>
    <ClCompile Include="queue.cpp">
      <Filter>Source Files\sdlxvulkan</Filter>
    </ClCompile>
  </ItemGroup>
  <ItemGroup>
    <ClInclude Include="application.hpp">
      <Filter>Header Files\sdlxvulkan</Filter>
    </ClInclude>
    <ClInclude Include="instance.hpp">
      <Filter>Header Files\sdlxvulkan</Filter>
    </ClInclude>
    <ClInclude Include="result.hpp">
      <Filter>Header Files\sdlxvulkan</Filter>
    </ClInclude>
    <ClInclude Include="window.hpp">
      <Filter>Header Files\sdlxvulkan</Filter>
    </ClInclude>
    <ClInclude Include="surface.hpp">
      <Filter>Header Files\sdlxvulkan</Filter>
    </ClInclude>
    <ClInclude Include="debug_callback.hpp">
      <Filter>Header Files\sdlxvulkan</Filter>
    </ClInclude>
    <ClInclude Include="handle.hpp">
      <Filter>Header Files\sdlxvulkan</Filter>
    </ClInclude>
    <ClInclude Include="physical_device.hpp">
      <Filter>Header Files\sdlxvulkan</Filter>
    </ClInclude>
    <ClInclude Include="event_string.hpp">
      <Filter>Header Files\sdlxvulkan</Filter>
    </ClInclude>
    <ClInclude Include="system.hpp">
      <Filter>Header Files\sdlxvulkan</Filter>
    </ClInclude>
    <ClInclude Include="global_functions.hpp">
      <Filter>Header Files\sdlxvulkan</Filter>
    </ClInclude>
    <ClInclude Include="instance_functions.hpp">
      <Filter>Header Files\sdlxvulkan</Filter>
    </ClInclude>
    <ClInclude Include="device_functions.hpp">
      <Filter>Header Files\sdlxvulkan</Filter>
    </ClInclude>
    <ClInclude Include="device.hpp">
      <Filter>Header Files\sdlxvulkan</Filter>
    </ClInclude>
    <ClInclude Include="queue.hpp">
      <Filter>Header Files\sdlxvulkan</Filter>
    </ClInclude>
  </ItemGroup>
  <ItemGroup>
    <CustomBuild Include="shaders\shader.vert">
      <Filter>Source Files</Filter>
    </CustomBuild>
    <CustomBuild Include="shaders\shader.frag">
      <Filter>Source Files</Filter>
    </CustomBuild>
  </ItemGroup>
</Project>